
Microsoft Visual Studio Solution File, Format Version 12.00
# Visual Studio Version 16
VisualStudioVersion = 16.0.33927.289
MinimumVisualStudioVersion = 10.0.40219.1
Project("{2150E333-8FDC-42A3-9474-1A3956D46DE8}") = "Task0", "Task0", "{BE851D02-87FE-4976-A1C8-03431C595C4C}"
EndProject
Project("{FAE04EC0-301F-11D3-BF4B-00C04F79EFBC}") = "Tyuiu.ZhdanovaAA.Sprint5.Task0.V1", "Tyuiu.ZhdanovaAA.Sprint5.Task0.V1\Tyuiu.ZhdanovaAA.Sprint5.Task0.V1.csproj", "{8E919BF3-2316-48F4-B2CF-91CBE18B85D7}"
EndProject
Project("{FAE04EC0-301F-11D3-BF4B-00C04F79EFBC}") = "Tyuiu.ZhdanovaAA.Sprint5.Task0.V1.Test", "Tyuiu.ZhdanovaAA.Sprint5.Task0.V1.Test\Tyuiu.ZhdanovaAA.Sprint5.Task0.V1.Test.csproj", "{F97E1BB0-9CB8-4990-88FE-4ACB9AF2EF0E}"
EndProject
Project("{FAE04EC0-301F-11D3-BF4B-00C04F79EFBC}") = "Tyuiu.ZhdanovaAA.Sprint5.Task0.V1.Lib", "Tyuiu.ZhdanovaAA.Sprint5.Task0.V1.Lib\Tyuiu.ZhdanovaAA.Sprint5.Task0.V1.Lib.csproj", "{EB15441F-95A7-4EB3-8925-A335F3FBB4B6}"
EndProject
Project("{2150E333-8FDC-42A3-9474-1A3956D46DE8}") = "Task1", "Task1", "{E5BC2A62-51AD-4BFC-AF4D-6FCF7344F03C}"
EndProject
Project("{FAE04EC0-301F-11D3-BF4B-00C04F79EFBC}") = "Tyuiu.ZhdanovaAA.Sprint5.Task1.V28", "Tyuiu.ZhdanovaAA.Sprint5.Task1.V28\Tyuiu.ZhdanovaAA.Sprint5.Task1.V28.csproj", "{2AFACBAE-694A-442C-B8D8-1C01B1B2293A}"
EndProject
Project("{FAE04EC0-301F-11D3-BF4B-00C04F79EFBC}") = "Tyuiu.ZhdanovaAA.Sprint5.Task1.V28.Test", "Tyuiu.ZhdanovaAA.Sprint5.Task1.V28.Test\Tyuiu.ZhdanovaAA.Sprint5.Task1.V28.Test.csproj", "{63470AC4-FFED-491D-88A9-06CBC8EEBBC3}"
EndProject
Project("{FAE04EC0-301F-11D3-BF4B-00C04F79EFBC}") = "Tyuiu.ZhdanovaAA.Sprint5.Task1.V28.Lib", "Tyuiu.ZhdanovaAA.Sprint5.Task1.V28.Lib\Tyuiu.ZhdanovaAA.Sprint5.Task1.V28.Lib.csproj", "{6B9DF488-1DC6-49ED-8944-98937DD41DB8}"
EndProject
Project("{2150E333-8FDC-42A3-9474-1A3956D46DE8}") = "Task2", "Task2", "{C87D334D-0B33-4DA4-B6CA-87C361258F4D}"
EndProject
Project("{FAE04EC0-301F-11D3-BF4B-00C04F79EFBC}") = "Tyuiu.ZhdanovaAA.Sprint5.Task2.V5", "Tyuiu.ZhdanovaAA.Sprint5.Task2.V5\Tyuiu.ZhdanovaAA.Sprint5.Task2.V5.csproj", "{304DFE05-A6BD-4D3F-8C9B-A01B54DD5E1D}"
EndProject
Project("{FAE04EC0-301F-11D3-BF4B-00C04F79EFBC}") = "Tyuiu.ZhdanovaAA.Sprint5.Task2.V5.Test", "Tyuiu.ZhdanovaAA.Sprint5.Task2.V5.Test\Tyuiu.ZhdanovaAA.Sprint5.Task2.V5.Test.csproj", "{8737919E-E2DB-4785-A52C-0F8155FF96B8}"
EndProject
Project("{FAE04EC0-301F-11D3-BF4B-00C04F79EFBC}") = "Tyuiu.ZhdanovaAA.Sprint5.Task2.V5.Lib", "Tyuiu.ZhdanovaAA.Sprint5.Task2.V5.Lib\Tyuiu.ZhdanovaAA.Sprint5.Task2.V5.Lib.csproj", "{88B4B6F7-79DB-40E3-8B99-692C58406E59}"
EndProject
Global
	GlobalSection(SolutionConfigurationPlatforms) = preSolution
		Debug|Any CPU = Debug|Any CPU
		Release|Any CPU = Release|Any CPU
	EndGlobalSection
	GlobalSection(ProjectConfigurationPlatforms) = postSolution
		{8E919BF3-2316-48F4-B2CF-91CBE18B85D7}.Debug|Any CPU.ActiveCfg = Debug|Any CPU
		{8E919BF3-2316-48F4-B2CF-91CBE18B85D7}.Debug|Any CPU.Build.0 = Debug|Any CPU
		{8E919BF3-2316-48F4-B2CF-91CBE18B85D7}.Release|Any CPU.ActiveCfg = Release|Any CPU
		{8E919BF3-2316-48F4-B2CF-91CBE18B85D7}.Release|Any CPU.Build.0 = Release|Any CPU
		{F97E1BB0-9CB8-4990-88FE-4ACB9AF2EF0E}.Debug|Any CPU.ActiveCfg = Debug|Any CPU
		{F97E1BB0-9CB8-4990-88FE-4ACB9AF2EF0E}.Debug|Any CPU.Build.0 = Debug|Any CPU
		{F97E1BB0-9CB8-4990-88FE-4ACB9AF2EF0E}.Release|Any CPU.ActiveCfg = Release|Any CPU
		{F97E1BB0-9CB8-4990-88FE-4ACB9AF2EF0E}.Release|Any CPU.Build.0 = Release|Any CPU
		{EB15441F-95A7-4EB3-8925-A335F3FBB4B6}.Debug|Any CPU.ActiveCfg = Debug|Any CPU
		{EB15441F-95A7-4EB3-8925-A335F3FBB4B6}.Debug|Any CPU.Build.0 = Debug|Any CPU
		{EB15441F-95A7-4EB3-8925-A335F3FBB4B6}.Release|Any CPU.ActiveCfg = Release|Any CPU
		{EB15441F-95A7-4EB3-8925-A335F3FBB4B6}.Release|Any CPU.Build.0 = Release|Any CPU
		{2AFACBAE-694A-442C-B8D8-1C01B1B2293A}.Debug|Any CPU.ActiveCfg = Debug|Any CPU
		{2AFACBAE-694A-442C-B8D8-1C01B1B2293A}.Debug|Any CPU.Build.0 = Debug|Any CPU
		{2AFACBAE-694A-442C-B8D8-1C01B1B2293A}.Release|Any CPU.ActiveCfg = Release|Any CPU
		{2AFACBAE-694A-442C-B8D8-1C01B1B2293A}.Release|Any CPU.Build.0 = Release|Any CPU
		{63470AC4-FFED-491D-88A9-06CBC8EEBBC3}.Debug|Any CPU.ActiveCfg = Debug|Any CPU
		{63470AC4-FFED-491D-88A9-06CBC8EEBBC3}.Debug|Any CPU.Build.0 = Debug|Any CPU
		{63470AC4-FFED-491D-88A9-06CBC8EEBBC3}.Release|Any CPU.ActiveCfg = Release|Any CPU
		{63470AC4-FFED-491D-88A9-06CBC8EEBBC3}.Release|Any CPU.Build.0 = Release|Any CPU
		{6B9DF488-1DC6-49ED-8944-98937DD41DB8}.Debug|Any CPU.ActiveCfg = Debug|Any CPU
		{6B9DF488-1DC6-49ED-8944-98937DD41DB8}.Debug|Any CPU.Build.0 = Debug|Any CPU
		{6B9DF488-1DC6-49ED-8944-98937DD41DB8}.Release|Any CPU.ActiveCfg = Release|Any CPU
		{6B9DF488-1DC6-49ED-8944-98937DD41DB8}.Release|Any CPU.Build.0 = Release|Any CPU
		{304DFE05-A6BD-4D3F-8C9B-A01B54DD5E1D}.Debug|Any CPU.ActiveCfg = Debug|Any CPU
		{304DFE05-A6BD-4D3F-8C9B-A01B54DD5E1D}.Debug|Any CPU.Build.0 = Debug|Any CPU
		{304DFE05-A6BD-4D3F-8C9B-A01B54DD5E1D}.Release|Any CPU.ActiveCfg = Release|Any CPU
		{304DFE05-A6BD-4D3F-8C9B-A01B54DD5E1D}.Release|Any CPU.Build.0 = Release|Any CPU
		{8737919E-E2DB-4785-A52C-0F8155FF96B8}.Debug|Any CPU.ActiveCfg = Debug|Any CPU
		{8737919E-E2DB-4785-A52C-0F8155FF96B8}.Debug|Any CPU.Build.0 = Debug|Any CPU
		{8737919E-E2DB-4785-A52C-0F8155FF96B8}.Release|Any CPU.ActiveCfg = Release|Any CPU
		{8737919E-E2DB-4785-A52C-0F8155FF96B8}.Release|Any CPU.Build.0 = Release|Any CPU
		{88B4B6F7-79DB-40E3-8B99-692C58406E59}.Debug|Any CPU.ActiveCfg = Debug|Any CPU
		{88B4B6F7-79DB-40E3-8B99-692C58406E59}.Debug|Any CPU.Build.0 = Debug|Any CPU
		{88B4B6F7-79DB-40E3-8B99-692C58406E59}.Release|Any CPU.ActiveCfg = Release|Any CPU
		{88B4B6F7-79DB-40E3-8B99-692C58406E59}.Release|Any CPU.Build.0 = Release|Any CPU
	EndGlobalSection
	GlobalSection(SolutionProperties) = preSolution
		HideSolutionNode = FALSE
	EndGlobalSection
	GlobalSection(NestedProjects) = preSolution
		{8E919BF3-2316-48F4-B2CF-91CBE18B85D7} = {BE851D02-87FE-4976-A1C8-03431C595C4C}
		{F97E1BB0-9CB8-4990-88FE-4ACB9AF2EF0E} = {BE851D02-87FE-4976-A1C8-03431C595C4C}
		{EB15441F-95A7-4EB3-8925-A335F3FBB4B6} = {BE851D02-87FE-4976-A1C8-03431C595C4C}
		{2AFACBAE-694A-442C-B8D8-1C01B1B2293A} = {E5BC2A62-51AD-4BFC-AF4D-6FCF7344F03C}
		{63470AC4-FFED-491D-88A9-06CBC8EEBBC3} = {E5BC2A62-51AD-4BFC-AF4D-6FCF7344F03C}
		{6B9DF488-1DC6-49ED-8944-98937DD41DB8} = {E5BC2A62-51AD-4BFC-AF4D-6FCF7344F03C}
		{304DFE05-A6BD-4D3F-8C9B-A01B54DD5E1D} = {C87D334D-0B33-4DA4-B6CA-87C361258F4D}
		{8737919E-E2DB-4785-A52C-0F8155FF96B8} = {C87D334D-0B33-4DA4-B6CA-87C361258F4D}
		{88B4B6F7-79DB-40E3-8B99-692C58406E59} = {C87D334D-0B33-4DA4-B6CA-87C361258F4D}
	EndGlobalSection
	GlobalSection(ExtensibilityGlobals) = postSolution
		SolutionGuid = {B3A981AD-98EB-41D5-B467-171E2BD7D8AB}
	EndGlobalSection
EndGlobal
