
Microsoft Visual Studio Solution File, Format Version 12.00
# Visual Studio Version 16
VisualStudioVersion = 16.0.33927.289
MinimumVisualStudioVersion = 10.0.40219.1
Project("{2150E333-8FDC-42A3-9474-1A3956D46DE8}") = "Task0", "Task0", "{BE851D02-87FE-4976-A1C8-03431C595C4C}"
EndProject
Project("{FAE04EC0-301F-11D3-BF4B-00C04F79EFBC}") = "Tyuiu.ZhdanovaAA.Sprint5.Task0.V1", "Tyuiu.ZhdanovaAA.Sprint5.Task0.V1\Tyuiu.ZhdanovaAA.Sprint5.Task0.V1.csproj", "{8E919BF3-2316-48F4-B2CF-91CBE18B85D7}"
EndProject
Project("{FAE04EC0-301F-11D3-BF4B-00C04F79EFBC}") = "Tyuiu.ZhdanovaAA.Sprint5.Task0.V1.Test", "Tyuiu.ZhdanovaAA.Sprint5.Task0.V1.Test\Tyuiu.ZhdanovaAA.Sprint5.Task0.V1.Test.csproj", "{F97E1BB0-9CB8-4990-88FE-4ACB9AF2EF0E}"
EndProject
Project("{FAE04EC0-301F-11D3-BF4B-00C04F79EFBC}") = "Tyuiu.ZhdanovaAA.Sprint5.Task0.V1.Lib", "Tyuiu.ZhdanovaAA.Sprint5.Task0.V1.Lib\Tyuiu.ZhdanovaAA.Sprint5.Task0.V1.Lib.csproj", "{EB15441F-95A7-4EB3-8925-A335F3FBB4B6}"
EndProject
Project("{2150E333-8FDC-42A3-9474-1A3956D46DE8}") = "Task1", "Task1", "{E5BC2A62-51AD-4BFC-AF4D-6FCF7344F03C}"
EndProject
Project("{FAE04EC0-301F-11D3-BF4B-00C04F79EFBC}") = "Tyuiu.ZhdanovaAA.Sprint5.Task1.V28", "Tyuiu.ZhdanovaAA.Sprint5.Task1.V28\Tyuiu.ZhdanovaAA.Sprint5.Task1.V28.csproj", "{2AFACBAE-694A-442C-B8D8-1C01B1B2293A}"
EndProject
Project("{FAE04EC0-301F-11D3-BF4B-00C04F79EFBC}") = "Tyuiu.ZhdanovaAA.Sprint5.Task1.V28.Test", "Tyuiu.ZhdanovaAA.Sprint5.Task1.V28.Test\Tyuiu.ZhdanovaAA.Sprint5.Task1.V28.Test.csproj", "{63470AC4-FFED-491D-88A9-06CBC8EEBBC3}"
EndProject
Project("{FAE04EC0-301F-11D3-BF4B-00C04F79EFBC}") = "Tyuiu.ZhdanovaAA.Sprint5.Task1.V28.Lib", "Tyuiu.ZhdanovaAA.Sprint5.Task1.V28.Lib\Tyuiu.ZhdanovaAA.Sprint5.Task1.V28.Lib.csproj", "{6B9DF488-1DC6-49ED-8944-98937DD41DB8}"
EndProject
Project("{2150E333-8FDC-42A3-9474-1A3956D46DE8}") = "Task2", "Task2", "{C87D334D-0B33-4DA4-B6CA-87C361258F4D}"
EndProject
Project("{FAE04EC0-301F-11D3-BF4B-00C04F79EFBC}") = "Tyuiu.ZhdanovaAA.Sprint5.Task2.V5", "Tyuiu.ZhdanovaAA.Sprint5.Task2.V5\Tyuiu.ZhdanovaAA.Sprint5.Task2.V5.csproj", "{304DFE05-A6BD-4D3F-8C9B-A01B54DD5E1D}"
EndProject
Project("{FAE04EC0-301F-11D3-BF4B-00C04F79EFBC}") = "Tyuiu.ZhdanovaAA.Sprint5.Task2.V5.Test", "Tyuiu.ZhdanovaAA.Sprint5.Task2.V5.Test\Tyuiu.ZhdanovaAA.Sprint5.Task2.V5.Test.csproj", "{8737919E-E2DB-4785-A52C-0F8155FF96B8}"
EndProject
Project("{FAE04EC0-301F-11D3-BF4B-00C04F79EFBC}") = "Tyuiu.ZhdanovaAA.Sprint5.Task2.V5.Lib", "Tyuiu.ZhdanovaAA.Sprint5.Task2.V5.Lib\Tyuiu.ZhdanovaAA.Sprint5.Task2.V5.Lib.csproj", "{88B4B6F7-79DB-40E3-8B99-692C58406E59}"
EndProject
Project("{2150E333-8FDC-42A3-9474-1A3956D46DE8}") = "Task3", "Task3", "{7FE12E44-CB49-428A-A16F-5FE94EBDC9F0}"
EndProject
Project("{FAE04EC0-301F-11D3-BF4B-00C04F79EFBC}") = "Tyuiu.ZhdanovaAA.Sprint5.Task3.V21", "Tyuiu.ZhdanovaAA.Sprint5.Task3.V21\Tyuiu.ZhdanovaAA.Sprint5.Task3.V21.csproj", "{7C2E5E63-6585-496D-B608-99D4249F5A52}"
EndProject
Project("{FAE04EC0-301F-11D3-BF4B-00C04F79EFBC}") = "Tyuiu.ZhdanovaAA.Sprint5.Task3.V21.Test", "Tyuiu.ZhdanovaAA.Sprint5.Task3.V21.Test\Tyuiu.ZhdanovaAA.Sprint5.Task3.V21.Test.csproj", "{8FB3F322-F2D7-48C0-BFF3-EBA2E5DD0F51}"
EndProject
Project("{FAE04EC0-301F-11D3-BF4B-00C04F79EFBC}") = "Tyuiu.ZhdanovaAA.Sprint5.Task3.V21.Lib", "Tyuiu.ZhdanovaAA.Sprint5.Task3.V21.Lib\Tyuiu.ZhdanovaAA.Sprint5.Task3.V21.Lib.csproj", "{A8208CCE-96F9-4002-BB34-D6D14894C90E}"
EndProject
Project("{2150E333-8FDC-42A3-9474-1A3956D46DE8}") = "Task4", "Task4", "{2D04BC24-6BAC-41D3-9FE7-F2DBA3BE152F}"
EndProject
Project("{FAE04EC0-301F-11D3-BF4B-00C04F79EFBC}") = "Tyuiu.ZhdanovaAA.Sprint5.Task4.V16", "Tyuiu.ZhdanovaAA.Sprint5.Task4.V16\Tyuiu.ZhdanovaAA.Sprint5.Task4.V16.csproj", "{1144D490-BEF9-43E1-B2B0-0618FA817417}"
EndProject
Project("{FAE04EC0-301F-11D3-BF4B-00C04F79EFBC}") = "Tyuiu.ZhdanovaAA.Sprint5.Task4.V16.Test", "Tyuiu.ZhdanovaAA.Sprint5.Task4.V16.Test\Tyuiu.ZhdanovaAA.Sprint5.Task4.V16.Test.csproj", "{F7211EA4-6A71-4108-B6BB-C6B05ADB87C6}"
EndProject
Project("{FAE04EC0-301F-11D3-BF4B-00C04F79EFBC}") = "Tyuiu.ZhdanovaAA.Sprint5.Task4.V16.Lib", "Tyuiu.ZhdanovaAA.Sprint5.Task4.V16.Lib\Tyuiu.ZhdanovaAA.Sprint5.Task4.V16.Lib.csproj", "{2C068F2C-8504-4803-B373-ADD51C7F120E}"
EndProject
Project("{2150E333-8FDC-42A3-9474-1A3956D46DE8}") = "Task5", "Task5", "{66DF219D-408F-4FF4-B9C4-FA66C76E6878}"
EndProject
Project("{FAE04EC0-301F-11D3-BF4B-00C04F79EFBC}") = "Tyuiu.ZhdanovaAA.Sprint5.Task5.V7", "Tyuiu.ZhdanovaAA.Sprint5.Task5.V7\Tyuiu.ZhdanovaAA.Sprint5.Task5.V7.csproj", "{EAC1729A-5185-4E8A-B895-061F69786B94}"
EndProject
Project("{FAE04EC0-301F-11D3-BF4B-00C04F79EFBC}") = "Tyuiu.ZhdanovaAA.Sprint5.Task5.V7.Test", "Tyuiu.ZhdanovaAA.Sprint5.Task5.V7.Test\Tyuiu.ZhdanovaAA.Sprint5.Task5.V7.Test.csproj", "{9DF9760F-BBCD-4ED6-B2C8-14FA1CBF3778}"
EndProject
Project("{FAE04EC0-301F-11D3-BF4B-00C04F79EFBC}") = "Tyuiu.ZhdanovaAA.Sprint5.Task5.V7.Lib", "Tyuiu.ZhdanovaAA.Sprint5.Task5.V7.Lib\Tyuiu.ZhdanovaAA.Sprint5.Task5.V7.Lib.csproj", "{814B2666-2332-4DB8-A36C-B7710B16737D}"
EndProject
Project("{2150E333-8FDC-42A3-9474-1A3956D46DE8}") = "Task6", "Task6", "{B965D7D0-D4DF-4E72-B25A-3EBC68E3BFCA}"
EndProject
Project("{FAE04EC0-301F-11D3-BF4B-00C04F79EFBC}") = "Tyuiu.ZhdanovaAA.Sprint5.Task6.V19", "Tyuiu.ZhdanovaAA.Sprint5.Task6.V19\Tyuiu.ZhdanovaAA.Sprint5.Task6.V19.csproj", "{06F2CEDF-3AB0-40DE-8272-2CDA27EA829A}"
EndProject
Project("{FAE04EC0-301F-11D3-BF4B-00C04F79EFBC}") = "Tyuiu.ZhdanovaAA.Sprint5.Task6.V19.Test", "Tyuiu.ZhdanovaAA.Sprint5.Task6.V19.Test\Tyuiu.ZhdanovaAA.Sprint5.Task6.V19.Test.csproj", "{5F0A1E12-5258-4C62-974B-C0885E19108C}"
EndProject
Project("{FAE04EC0-301F-11D3-BF4B-00C04F79EFBC}") = "Tyuiu.ZhdanovaAA.Sprint5.Task6.V19.Lib", "Tyuiu.ZhdanovaAA.Sprint5.Task6.V19.Lib\Tyuiu.ZhdanovaAA.Sprint5.Task6.V19.Lib.csproj", "{04189543-DAFE-4CEE-9046-90D1D3524D64}"
EndProject
Project("{2150E333-8FDC-42A3-9474-1A3956D46DE8}") = "Task7", "Task7", "{0508CB98-9E5A-4B5D-A1A8-DAD79D5F625A}"
EndProject
Project("{FAE04EC0-301F-11D3-BF4B-00C04F79EFBC}") = "Tyuiu.ZhdanovaAA.Sprint5.Task7.V13", "Tyuiu.ZhdanovaAA.Sprint5.Task7.V13\Tyuiu.ZhdanovaAA.Sprint5.Task7.V13.csproj", "{9833A37D-C728-4318-87C4-A6718BA524EE}"
EndProject
Project("{FAE04EC0-301F-11D3-BF4B-00C04F79EFBC}") = "Tyuiu.ZhdanovaAA.Sprint5.Task7.V13.Test", "Tyuiu.ZhdanovaAA.Sprint5.Task7.V13.Test\Tyuiu.ZhdanovaAA.Sprint5.Task7.V13.Test.csproj", "{1FB4C1F7-ED27-4C16-A052-16A9CBF4570B}"
EndProject
Project("{FAE04EC0-301F-11D3-BF4B-00C04F79EFBC}") = "Tyuiu.ZhdanovaAA.Sprint5.Task7.V13.Lib", "Tyuiu.ZhdanovaAA.Sprint5.Task7.V13.Lib\Tyuiu.ZhdanovaAA.Sprint5.Task7.V13.Lib.csproj", "{9147D9C4-19EC-4C26-A365-7F1A689E3651}"
EndProject
Global
	GlobalSection(SolutionConfigurationPlatforms) = preSolution
		Debug|Any CPU = Debug|Any CPU
		Release|Any CPU = Release|Any CPU
	EndGlobalSection
	GlobalSection(ProjectConfigurationPlatforms) = postSolution
		{8E919BF3-2316-48F4-B2CF-91CBE18B85D7}.Debug|Any CPU.ActiveCfg = Debug|Any CPU
		{8E919BF3-2316-48F4-B2CF-91CBE18B85D7}.Debug|Any CPU.Build.0 = Debug|Any CPU
		{8E919BF3-2316-48F4-B2CF-91CBE18B85D7}.Release|Any CPU.ActiveCfg = Release|Any CPU
		{8E919BF3-2316-48F4-B2CF-91CBE18B85D7}.Release|Any CPU.Build.0 = Release|Any CPU
		{F97E1BB0-9CB8-4990-88FE-4ACB9AF2EF0E}.Debug|Any CPU.ActiveCfg = Debug|Any CPU
		{F97E1BB0-9CB8-4990-88FE-4ACB9AF2EF0E}.Debug|Any CPU.Build.0 = Debug|Any CPU
		{F97E1BB0-9CB8-4990-88FE-4ACB9AF2EF0E}.Release|Any CPU.ActiveCfg = Release|Any CPU
		{F97E1BB0-9CB8-4990-88FE-4ACB9AF2EF0E}.Release|Any CPU.Build.0 = Release|Any CPU
		{EB15441F-95A7-4EB3-8925-A335F3FBB4B6}.Debug|Any CPU.ActiveCfg = Debug|Any CPU
		{EB15441F-95A7-4EB3-8925-A335F3FBB4B6}.Debug|Any CPU.Build.0 = Debug|Any CPU
		{EB15441F-95A7-4EB3-8925-A335F3FBB4B6}.Release|Any CPU.ActiveCfg = Release|Any CPU
		{EB15441F-95A7-4EB3-8925-A335F3FBB4B6}.Release|Any CPU.Build.0 = Release|Any CPU
		{2AFACBAE-694A-442C-B8D8-1C01B1B2293A}.Debug|Any CPU.ActiveCfg = Debug|Any CPU
		{2AFACBAE-694A-442C-B8D8-1C01B1B2293A}.Debug|Any CPU.Build.0 = Debug|Any CPU
		{2AFACBAE-694A-442C-B8D8-1C01B1B2293A}.Release|Any CPU.ActiveCfg = Release|Any CPU
		{2AFACBAE-694A-442C-B8D8-1C01B1B2293A}.Release|Any CPU.Build.0 = Release|Any CPU
		{63470AC4-FFED-491D-88A9-06CBC8EEBBC3}.Debug|Any CPU.ActiveCfg = Debug|Any CPU
		{63470AC4-FFED-491D-88A9-06CBC8EEBBC3}.Debug|Any CPU.Build.0 = Debug|Any CPU
		{63470AC4-FFED-491D-88A9-06CBC8EEBBC3}.Release|Any CPU.ActiveCfg = Release|Any CPU
		{63470AC4-FFED-491D-88A9-06CBC8EEBBC3}.Release|Any CPU.Build.0 = Release|Any CPU
		{6B9DF488-1DC6-49ED-8944-98937DD41DB8}.Debug|Any CPU.ActiveCfg = Debug|Any CPU
		{6B9DF488-1DC6-49ED-8944-98937DD41DB8}.Debug|Any CPU.Build.0 = Debug|Any CPU
		{6B9DF488-1DC6-49ED-8944-98937DD41DB8}.Release|Any CPU.ActiveCfg = Release|Any CPU
		{6B9DF488-1DC6-49ED-8944-98937DD41DB8}.Release|Any CPU.Build.0 = Release|Any CPU
		{304DFE05-A6BD-4D3F-8C9B-A01B54DD5E1D}.Debug|Any CPU.ActiveCfg = Debug|Any CPU
		{304DFE05-A6BD-4D3F-8C9B-A01B54DD5E1D}.Debug|Any CPU.Build.0 = Debug|Any CPU
		{304DFE05-A6BD-4D3F-8C9B-A01B54DD5E1D}.Release|Any CPU.ActiveCfg = Release|Any CPU
		{304DFE05-A6BD-4D3F-8C9B-A01B54DD5E1D}.Release|Any CPU.Build.0 = Release|Any CPU
		{8737919E-E2DB-4785-A52C-0F8155FF96B8}.Debug|Any CPU.ActiveCfg = Debug|Any CPU
		{8737919E-E2DB-4785-A52C-0F8155FF96B8}.Debug|Any CPU.Build.0 = Debug|Any CPU
		{8737919E-E2DB-4785-A52C-0F8155FF96B8}.Release|Any CPU.ActiveCfg = Release|Any CPU
		{8737919E-E2DB-4785-A52C-0F8155FF96B8}.Release|Any CPU.Build.0 = Release|Any CPU
		{88B4B6F7-79DB-40E3-8B99-692C58406E59}.Debug|Any CPU.ActiveCfg = Debug|Any CPU
		{88B4B6F7-79DB-40E3-8B99-692C58406E59}.Debug|Any CPU.Build.0 = Debug|Any CPU
		{88B4B6F7-79DB-40E3-8B99-692C58406E59}.Release|Any CPU.ActiveCfg = Release|Any CPU
		{88B4B6F7-79DB-40E3-8B99-692C58406E59}.Release|Any CPU.Build.0 = Release|Any CPU
		{7C2E5E63-6585-496D-B608-99D4249F5A52}.Debug|Any CPU.ActiveCfg = Debug|Any CPU
		{7C2E5E63-6585-496D-B608-99D4249F5A52}.Debug|Any CPU.Build.0 = Debug|Any CPU
		{7C2E5E63-6585-496D-B608-99D4249F5A52}.Release|Any CPU.ActiveCfg = Release|Any CPU
		{7C2E5E63-6585-496D-B608-99D4249F5A52}.Release|Any CPU.Build.0 = Release|Any CPU
		{8FB3F322-F2D7-48C0-BFF3-EBA2E5DD0F51}.Debug|Any CPU.ActiveCfg = Debug|Any CPU
		{8FB3F322-F2D7-48C0-BFF3-EBA2E5DD0F51}.Debug|Any CPU.Build.0 = Debug|Any CPU
		{8FB3F322-F2D7-48C0-BFF3-EBA2E5DD0F51}.Release|Any CPU.ActiveCfg = Release|Any CPU
		{8FB3F322-F2D7-48C0-BFF3-EBA2E5DD0F51}.Release|Any CPU.Build.0 = Release|Any CPU
		{A8208CCE-96F9-4002-BB34-D6D14894C90E}.Debug|Any CPU.ActiveCfg = Debug|Any CPU
		{A8208CCE-96F9-4002-BB34-D6D14894C90E}.Debug|Any CPU.Build.0 = Debug|Any CPU
		{A8208CCE-96F9-4002-BB34-D6D14894C90E}.Release|Any CPU.ActiveCfg = Release|Any CPU
		{A8208CCE-96F9-4002-BB34-D6D14894C90E}.Release|Any CPU.Build.0 = Release|Any CPU
		{1144D490-BEF9-43E1-B2B0-0618FA817417}.Debug|Any CPU.ActiveCfg = Debug|Any CPU
		{1144D490-BEF9-43E1-B2B0-0618FA817417}.Debug|Any CPU.Build.0 = Debug|Any CPU
		{1144D490-BEF9-43E1-B2B0-0618FA817417}.Release|Any CPU.ActiveCfg = Release|Any CPU
		{1144D490-BEF9-43E1-B2B0-0618FA817417}.Release|Any CPU.Build.0 = Release|Any CPU
		{F7211EA4-6A71-4108-B6BB-C6B05ADB87C6}.Debug|Any CPU.ActiveCfg = Debug|Any CPU
		{F7211EA4-6A71-4108-B6BB-C6B05ADB87C6}.Debug|Any CPU.Build.0 = Debug|Any CPU
		{F7211EA4-6A71-4108-B6BB-C6B05ADB87C6}.Release|Any CPU.ActiveCfg = Release|Any CPU
		{F7211EA4-6A71-4108-B6BB-C6B05ADB87C6}.Release|Any CPU.Build.0 = Release|Any CPU
		{2C068F2C-8504-4803-B373-ADD51C7F120E}.Debug|Any CPU.ActiveCfg = Debug|Any CPU
		{2C068F2C-8504-4803-B373-ADD51C7F120E}.Debug|Any CPU.Build.0 = Debug|Any CPU
		{2C068F2C-8504-4803-B373-ADD51C7F120E}.Release|Any CPU.ActiveCfg = Release|Any CPU
		{2C068F2C-8504-4803-B373-ADD51C7F120E}.Release|Any CPU.Build.0 = Release|Any CPU
		{EAC1729A-5185-4E8A-B895-061F69786B94}.Debug|Any CPU.ActiveCfg = Debug|Any CPU
		{EAC1729A-5185-4E8A-B895-061F69786B94}.Debug|Any CPU.Build.0 = Debug|Any CPU
		{EAC1729A-5185-4E8A-B895-061F69786B94}.Release|Any CPU.ActiveCfg = Release|Any CPU
		{EAC1729A-5185-4E8A-B895-061F69786B94}.Release|Any CPU.Build.0 = Release|Any CPU
		{9DF9760F-BBCD-4ED6-B2C8-14FA1CBF3778}.Debug|Any CPU.ActiveCfg = Debug|Any CPU
		{9DF9760F-BBCD-4ED6-B2C8-14FA1CBF3778}.Debug|Any CPU.Build.0 = Debug|Any CPU
		{9DF9760F-BBCD-4ED6-B2C8-14FA1CBF3778}.Release|Any CPU.ActiveCfg = Release|Any CPU
		{9DF9760F-BBCD-4ED6-B2C8-14FA1CBF3778}.Release|Any CPU.Build.0 = Release|Any CPU
		{814B2666-2332-4DB8-A36C-B7710B16737D}.Debug|Any CPU.ActiveCfg = Debug|Any CPU
		{814B2666-2332-4DB8-A36C-B7710B16737D}.Debug|Any CPU.Build.0 = Debug|Any CPU
		{814B2666-2332-4DB8-A36C-B7710B16737D}.Release|Any CPU.ActiveCfg = Release|Any CPU
		{814B2666-2332-4DB8-A36C-B7710B16737D}.Release|Any CPU.Build.0 = Release|Any CPU
		{06F2CEDF-3AB0-40DE-8272-2CDA27EA829A}.Debug|Any CPU.ActiveCfg = Debug|Any CPU
		{06F2CEDF-3AB0-40DE-8272-2CDA27EA829A}.Debug|Any CPU.Build.0 = Debug|Any CPU
		{06F2CEDF-3AB0-40DE-8272-2CDA27EA829A}.Release|Any CPU.ActiveCfg = Release|Any CPU
		{06F2CEDF-3AB0-40DE-8272-2CDA27EA829A}.Release|Any CPU.Build.0 = Release|Any CPU
		{5F0A1E12-5258-4C62-974B-C0885E19108C}.Debug|Any CPU.ActiveCfg = Debug|Any CPU
		{5F0A1E12-5258-4C62-974B-C0885E19108C}.Debug|Any CPU.Build.0 = Debug|Any CPU
		{5F0A1E12-5258-4C62-974B-C0885E19108C}.Release|Any CPU.ActiveCfg = Release|Any CPU
		{5F0A1E12-5258-4C62-974B-C0885E19108C}.Release|Any CPU.Build.0 = Release|Any CPU
		{04189543-DAFE-4CEE-9046-90D1D3524D64}.Debug|Any CPU.ActiveCfg = Debug|Any CPU
		{04189543-DAFE-4CEE-9046-90D1D3524D64}.Debug|Any CPU.Build.0 = Debug|Any CPU
		{04189543-DAFE-4CEE-9046-90D1D3524D64}.Release|Any CPU.ActiveCfg = Release|Any CPU
		{04189543-DAFE-4CEE-9046-90D1D3524D64}.Release|Any CPU.Build.0 = Release|Any CPU
		{9833A37D-C728-4318-87C4-A6718BA524EE}.Debug|Any CPU.ActiveCfg = Debug|Any CPU
		{9833A37D-C728-4318-87C4-A6718BA524EE}.Debug|Any CPU.Build.0 = Debug|Any CPU
		{9833A37D-C728-4318-87C4-A6718BA524EE}.Release|Any CPU.ActiveCfg = Release|Any CPU
		{9833A37D-C728-4318-87C4-A6718BA524EE}.Release|Any CPU.Build.0 = Release|Any CPU
		{1FB4C1F7-ED27-4C16-A052-16A9CBF4570B}.Debug|Any CPU.ActiveCfg = Debug|Any CPU
		{1FB4C1F7-ED27-4C16-A052-16A9CBF4570B}.Debug|Any CPU.Build.0 = Debug|Any CPU
		{1FB4C1F7-ED27-4C16-A052-16A9CBF4570B}.Release|Any CPU.ActiveCfg = Release|Any CPU
		{1FB4C1F7-ED27-4C16-A052-16A9CBF4570B}.Release|Any CPU.Build.0 = Release|Any CPU
		{9147D9C4-19EC-4C26-A365-7F1A689E3651}.Debug|Any CPU.ActiveCfg = Debug|Any CPU
		{9147D9C4-19EC-4C26-A365-7F1A689E3651}.Debug|Any CPU.Build.0 = Debug|Any CPU
		{9147D9C4-19EC-4C26-A365-7F1A689E3651}.Release|Any CPU.ActiveCfg = Release|Any CPU
		{9147D9C4-19EC-4C26-A365-7F1A689E3651}.Release|Any CPU.Build.0 = Release|Any CPU
	EndGlobalSection
	GlobalSection(SolutionProperties) = preSolution
		HideSolutionNode = FALSE
	EndGlobalSection
	GlobalSection(NestedProjects) = preSolution
		{8E919BF3-2316-48F4-B2CF-91CBE18B85D7} = {BE851D02-87FE-4976-A1C8-03431C595C4C}
		{F97E1BB0-9CB8-4990-88FE-4ACB9AF2EF0E} = {BE851D02-87FE-4976-A1C8-03431C595C4C}
		{EB15441F-95A7-4EB3-8925-A335F3FBB4B6} = {BE851D02-87FE-4976-A1C8-03431C595C4C}
		{2AFACBAE-694A-442C-B8D8-1C01B1B2293A} = {E5BC2A62-51AD-4BFC-AF4D-6FCF7344F03C}
		{63470AC4-FFED-491D-88A9-06CBC8EEBBC3} = {E5BC2A62-51AD-4BFC-AF4D-6FCF7344F03C}
		{6B9DF488-1DC6-49ED-8944-98937DD41DB8} = {E5BC2A62-51AD-4BFC-AF4D-6FCF7344F03C}
		{304DFE05-A6BD-4D3F-8C9B-A01B54DD5E1D} = {C87D334D-0B33-4DA4-B6CA-87C361258F4D}
		{8737919E-E2DB-4785-A52C-0F8155FF96B8} = {C87D334D-0B33-4DA4-B6CA-87C361258F4D}
		{88B4B6F7-79DB-40E3-8B99-692C58406E59} = {C87D334D-0B33-4DA4-B6CA-87C361258F4D}
		{7C2E5E63-6585-496D-B608-99D4249F5A52} = {7FE12E44-CB49-428A-A16F-5FE94EBDC9F0}
		{8FB3F322-F2D7-48C0-BFF3-EBA2E5DD0F51} = {7FE12E44-CB49-428A-A16F-5FE94EBDC9F0}
		{A8208CCE-96F9-4002-BB34-D6D14894C90E} = {7FE12E44-CB49-428A-A16F-5FE94EBDC9F0}
		{1144D490-BEF9-43E1-B2B0-0618FA817417} = {2D04BC24-6BAC-41D3-9FE7-F2DBA3BE152F}
		{F7211EA4-6A71-4108-B6BB-C6B05ADB87C6} = {2D04BC24-6BAC-41D3-9FE7-F2DBA3BE152F}
		{2C068F2C-8504-4803-B373-ADD51C7F120E} = {2D04BC24-6BAC-41D3-9FE7-F2DBA3BE152F}
		{EAC1729A-5185-4E8A-B895-061F69786B94} = {66DF219D-408F-4FF4-B9C4-FA66C76E6878}
		{9DF9760F-BBCD-4ED6-B2C8-14FA1CBF3778} = {66DF219D-408F-4FF4-B9C4-FA66C76E6878}
		{814B2666-2332-4DB8-A36C-B7710B16737D} = {66DF219D-408F-4FF4-B9C4-FA66C76E6878}
		{06F2CEDF-3AB0-40DE-8272-2CDA27EA829A} = {B965D7D0-D4DF-4E72-B25A-3EBC68E3BFCA}
		{5F0A1E12-5258-4C62-974B-C0885E19108C} = {B965D7D0-D4DF-4E72-B25A-3EBC68E3BFCA}
		{04189543-DAFE-4CEE-9046-90D1D3524D64} = {B965D7D0-D4DF-4E72-B25A-3EBC68E3BFCA}
		{9833A37D-C728-4318-87C4-A6718BA524EE} = {0508CB98-9E5A-4B5D-A1A8-DAD79D5F625A}
		{1FB4C1F7-ED27-4C16-A052-16A9CBF4570B} = {0508CB98-9E5A-4B5D-A1A8-DAD79D5F625A}
		{9147D9C4-19EC-4C26-A365-7F1A689E3651} = {0508CB98-9E5A-4B5D-A1A8-DAD79D5F625A}
	EndGlobalSection
	GlobalSection(ExtensibilityGlobals) = postSolution
		SolutionGuid = {B3A981AD-98EB-41D5-B467-171E2BD7D8AB}
	EndGlobalSection
EndGlobal
